// !$*UTF8*$!
{
	archiveVersion = 1;
	classes = {
	};
	objectVersion = 56;
	objects = {

/* Begin PBXBuildFile section */
		641CCC062B9B01910029420E /* StashApp.swift in Sources */ = {isa = PBXBuildFile; fileRef = 641CCC052B9B01910029420E /* StashApp.swift */; };
		641CCC082B9B01910029420E /* MainView.swift in Sources */ = {isa = PBXBuildFile; fileRef = 641CCC072B9B01910029420E /* MainView.swift */; };
		641CCC0A2B9B01910029420E /* Assets.xcassets in Resources */ = {isa = PBXBuildFile; fileRef = 641CCC092B9B01910029420E /* Assets.xcassets */; };
		641CCC0D2B9B01910029420E /* Preview Assets.xcassets in Resources */ = {isa = PBXBuildFile; fileRef = 641CCC0C2B9B01910029420E /* Preview Assets.xcassets */; };
		64BDDB602B9CCCD8001D9789 /* Blob_1.swift in Sources */ = {isa = PBXBuildFile; fileRef = 64BDDB5F2B9CCCD8001D9789 /* Blob_1.swift */; };
		64BDDB622B9CE5B0001D9789 /* Blob_2.swift in Sources */ = {isa = PBXBuildFile; fileRef = 64BDDB612B9CE5B0001D9789 /* Blob_2.swift */; };
		64E11A332B9B49A6005B6663 /* DashboardView.swift in Sources */ = {isa = PBXBuildFile; fileRef = 64E11A322B9B49A6005B6663 /* DashboardView.swift */; };
		64E11A372B9B5260005B6663 /* DashboardCard.swift in Sources */ = {isa = PBXBuildFile; fileRef = 64E11A362B9B5260005B6663 /* DashboardCard.swift */; };
/* End PBXBuildFile section */

/* Begin PBXFileReference section */
		641CCC022B9B01910029420E /* Stash.app */ = {isa = PBXFileReference; explicitFileType = wrapper.application; includeInIndex = 0; path = Stash.app; sourceTree = BUILT_PRODUCTS_DIR; };
		641CCC052B9B01910029420E /* StashApp.swift */ = {isa = PBXFileReference; lastKnownFileType = sourcecode.swift; path = StashApp.swift; sourceTree = "<group>"; };
		641CCC072B9B01910029420E /* MainView.swift */ = {isa = PBXFileReference; lastKnownFileType = sourcecode.swift; path = MainView.swift; sourceTree = "<group>"; };
		641CCC092B9B01910029420E /* Assets.xcassets */ = {isa = PBXFileReference; lastKnownFileType = folder.assetcatalog; path = Assets.xcassets; sourceTree = "<group>"; };
		641CCC0C2B9B01910029420E /* Preview Assets.xcassets */ = {isa = PBXFileReference; lastKnownFileType = folder.assetcatalog; path = "Preview Assets.xcassets"; sourceTree = "<group>"; };
		64BDDB5F2B9CCCD8001D9789 /* Blob_1.swift */ = {isa = PBXFileReference; lastKnownFileType = sourcecode.swift; path = Blob_1.swift; sourceTree = "<group>"; };
		64BDDB612B9CE5B0001D9789 /* Blob_2.swift */ = {isa = PBXFileReference; lastKnownFileType = sourcecode.swift; path = Blob_2.swift; sourceTree = "<group>"; };
		64E11A322B9B49A6005B6663 /* DashboardView.swift */ = {isa = PBXFileReference; lastKnownFileType = sourcecode.swift; path = DashboardView.swift; sourceTree = "<group>"; };
		64E11A362B9B5260005B6663 /* DashboardCard.swift */ = {isa = PBXFileReference; lastKnownFileType = sourcecode.swift; path = DashboardCard.swift; sourceTree = "<group>"; };
/* End PBXFileReference section */

/* Begin PBXFrameworksBuildPhase section */
		641CCBFF2B9B01910029420E /* Frameworks */ = {
			isa = PBXFrameworksBuildPhase;
			buildActionMask = 2147483647;
			files = (
			);
			runOnlyForDeploymentPostprocessing = 0;
		};
/* End PBXFrameworksBuildPhase section */

/* Begin PBXGroup section */
		641CCBF92B9B01910029420E = {
			isa = PBXGroup;
			children = (
				641CCC042B9B01910029420E /* Stash */,
				641CCC032B9B01910029420E /* Products */,
			);
			sourceTree = "<group>";
		};
		641CCC032B9B01910029420E /* Products */ = {
			isa = PBXGroup;
			children = (
				641CCC022B9B01910029420E /* Stash.app */,
			);
			name = Products;
			sourceTree = "<group>";
		};
		641CCC042B9B01910029420E /* Stash */ = {
			isa = PBXGroup;
			children = (
				641CCC052B9B01910029420E /* StashApp.swift */,
				64E11A2E2B9B48B9005B6663 /* Views */,
				64E11A312B9B48D7005B6663 /* Manager */,
				64E11A302B9B48CB005B6663 /* DataModel */,
				64E11A2F2B9B48C0005B6663 /* Components */,
				641CCC092B9B01910029420E /* Assets.xcassets */,
				641CCC0B2B9B01910029420E /* Preview Content */,
			);
			path = Stash;
			sourceTree = "<group>";
		};
		641CCC0B2B9B01910029420E /* Preview Content */ = {
			isa = PBXGroup;
			children = (
				641CCC0C2B9B01910029420E /* Preview Assets.xcassets */,
			);
			path = "Preview Content";
			sourceTree = "<group>";
		};
		64BDDB5E2B9CCCC8001D9789 /* Blob */ = {
			isa = PBXGroup;
			children = (
				64BDDB5F2B9CCCD8001D9789 /* Blob_1.swift */,
				64BDDB612B9CE5B0001D9789 /* Blob_2.swift */,
			);
			path = Blob;
			sourceTree = "<group>";
		};
		64E11A2E2B9B48B9005B6663 /* Views */ = {
			isa = PBXGroup;
			children = (
				641CCC072B9B01910029420E /* MainView.swift */,
				64E11A342B9B49AC005B6663 /* Dashboard */,
			);
			path = Views;
			sourceTree = "<group>";
		};
		64E11A2F2B9B48C0005B6663 /* Components */ = {
			isa = PBXGroup;
			children = (
				64BDDB5E2B9CCCC8001D9789 /* Blob */,
				64E11A352B9B524C005B6663 /* Dashboard */,
			);
			path = Components;
			sourceTree = "<group>";
		};
		64E11A302B9B48CB005B6663 /* DataModel */ = {
			isa = PBXGroup;
			children = (
			);
			path = DataModel;
			sourceTree = "<group>";
		};
		64E11A312B9B48D7005B6663 /* Manager */ = {
			isa = PBXGroup;
			children = (
			);
			path = Manager;
			sourceTree = "<group>";
		};
		64E11A342B9B49AC005B6663 /* Dashboard */ = {
			isa = PBXGroup;
			children = (
				64E11A322B9B49A6005B6663 /* DashboardView.swift */,
			);
			path = Dashboard;
			sourceTree = "<group>";
		};
		64E11A352B9B524C005B6663 /* Dashboard */ = {
			isa = PBXGroup;
			children = (
				64E11A362B9B5260005B6663 /* DashboardCard.swift */,
			);
			path = Dashboard;
			sourceTree = "<group>";
		};
/* End PBXGroup section */

/* Begin PBXNativeTarget section */
		641CCC012B9B01910029420E /* Stash */ = {
			isa = PBXNativeTarget;
			buildConfigurationList = 641CCC102B9B01910029420E /* Build configuration list for PBXNativeTarget "Stash" */;
			buildPhases = (
				641CCBFE2B9B01910029420E /* Sources */,
				641CCBFF2B9B01910029420E /* Frameworks */,
				641CCC002B9B01910029420E /* Resources */,
			);
			buildRules = (
			);
			dependencies = (
			);
			name = Stash;
			productName = Stash;
			productReference = 641CCC022B9B01910029420E /* Stash.app */;
			productType = "com.apple.product-type.application";
		};
/* End PBXNativeTarget section */

/* Begin PBXProject section */
		641CCBFA2B9B01910029420E /* Project object */ = {
			isa = PBXProject;
			attributes = {
				BuildIndependentTargetsInParallel = 1;
				LastSwiftUpdateCheck = 1520;
				LastUpgradeCheck = 1520;
				TargetAttributes = {
					641CCC012B9B01910029420E = {
						CreatedOnToolsVersion = 15.2;
					};
				};
			};
			buildConfigurationList = 641CCBFD2B9B01910029420E /* Build configuration list for PBXProject "Stash" */;
			compatibilityVersion = "Xcode 14.0";
			developmentRegion = en;
			hasScannedForEncodings = 0;
			knownRegions = (
				en,
				Base,
			);
			mainGroup = 641CCBF92B9B01910029420E;
			productRefGroup = 641CCC032B9B01910029420E /* Products */;
			projectDirPath = "";
			projectRoot = "";
			targets = (
				641CCC012B9B01910029420E /* Stash */,
			);
		};
/* End PBXProject section */

/* Begin PBXResourcesBuildPhase section */
		641CCC002B9B01910029420E /* Resources */ = {
			isa = PBXResourcesBuildPhase;
			buildActionMask = 2147483647;
			files = (
				641CCC0D2B9B01910029420E /* Preview Assets.xcassets in Resources */,
				641CCC0A2B9B01910029420E /* Assets.xcassets in Resources */,
			);
			runOnlyForDeploymentPostprocessing = 0;
		};
/* End PBXResourcesBuildPhase section */

/* Begin PBXSourcesBuildPhase section */
		641CCBFE2B9B01910029420E /* Sources */ = {
			isa = PBXSourcesBuildPhase;
			buildActionMask = 2147483647;
			files = (
				64E11A372B9B5260005B6663 /* DashboardCard.swift in Sources */,
				64BDDB622B9CE5B0001D9789 /* Blob_2.swift in Sources */,
				641CCC082B9B01910029420E /* MainView.swift in Sources */,
				64E11A332B9B49A6005B6663 /* DashboardView.swift in Sources */,
				64BDDB602B9CCCD8001D9789 /* Blob_1.swift in Sources */,
				641CCC062B9B01910029420E /* StashApp.swift in Sources */,
			);
			runOnlyForDeploymentPostprocessing = 0;
		};
/* End PBXSourcesBuildPhase section */

/* Begin XCBuildConfiguration section */
		641CCC0E2B9B01910029420E /* Debug */ = {
			isa = XCBuildConfiguration;
			buildSettings = {
				ALWAYS_SEARCH_USER_PATHS = NO;
				ASSETCATALOG_COMPILER_GENERATE_SWIFT_ASSET_SYMBOL_EXTENSIONS = YES;
				CLANG_ANALYZER_NONNULL = YES;
				CLANG_ANALYZER_NUMBER_OBJECT_CONVERSION = YES_AGGRESSIVE;
				CLANG_CXX_LANGUAGE_STANDARD = "gnu++20";
				CLANG_ENABLE_MODULES = YES;
				CLANG_ENABLE_OBJC_ARC = YES;
				CLANG_ENABLE_OBJC_WEAK = YES;
				CLANG_WARN_BLOCK_CAPTURE_AUTORELEASING = YES;
				CLANG_WARN_BOOL_CONVERSION = YES;
				CLANG_WARN_COMMA = YES;
				CLANG_WARN_CONSTANT_CONVERSION = YES;
				CLANG_WARN_DEPRECATED_OBJC_IMPLEMENTATIONS = YES;
				CLANG_WARN_DIRECT_OBJC_ISA_USAGE = YES_ERROR;
				CLANG_WARN_DOCUMENTATION_COMMENTS = YES;
				CLANG_WARN_EMPTY_BODY = YES;
				CLANG_WARN_ENUM_CONVERSION = YES;
				CLANG_WARN_INFINITE_RECURSION = YES;
				CLANG_WARN_INT_CONVERSION = YES;
				CLANG_WARN_NON_LITERAL_NULL_CONVERSION = YES;
				CLANG_WARN_OBJC_IMPLICIT_RETAIN_SELF = YES;
				CLANG_WARN_OBJC_LITERAL_CONVERSION = YES;
				CLANG_WARN_OBJC_ROOT_CLASS = YES_ERROR;
				CLANG_WARN_QUOTED_INCLUDE_IN_FRAMEWORK_HEADER = YES;
				CLANG_WARN_RANGE_LOOP_ANALYSIS = YES;
				CLANG_WARN_STRICT_PROTOTYPES = YES;
				CLANG_WARN_SUSPICIOUS_MOVE = YES;
				CLANG_WARN_UNGUARDED_AVAILABILITY = YES_AGGRESSIVE;
				CLANG_WARN_UNREACHABLE_CODE = YES;
				CLANG_WARN__DUPLICATE_METHOD_MATCH = YES;
				COPY_PHASE_STRIP = NO;
				DEBUG_INFORMATION_FORMAT = dwarf;
				ENABLE_STRICT_OBJC_MSGSEND = YES;
				ENABLE_TESTABILITY = YES;
				ENABLE_USER_SCRIPT_SANDBOXING = YES;
				GCC_C_LANGUAGE_STANDARD = gnu17;
				GCC_DYNAMIC_NO_PIC = NO;
				GCC_NO_COMMON_BLOCKS = YES;
				GCC_OPTIMIZATION_LEVEL = 0;
				GCC_PREPROCESSOR_DEFINITIONS = (
					"DEBUG=1",
					"$(inherited)",
				);
				GCC_WARN_64_TO_32_BIT_CONVERSION = YES;
				GCC_WARN_ABOUT_RETURN_TYPE = YES_ERROR;
				GCC_WARN_UNDECLARED_SELECTOR = YES;
				GCC_WARN_UNINITIALIZED_AUTOS = YES_AGGRESSIVE;
				GCC_WARN_UNUSED_FUNCTION = YES;
				GCC_WARN_UNUSED_VARIABLE = YES;
				IPHONEOS_DEPLOYMENT_TARGET = 17.2;
				LOCALIZATION_PREFERS_STRING_CATALOGS = YES;
				MTL_ENABLE_DEBUG_INFO = INCLUDE_SOURCE;
				MTL_FAST_MATH = YES;
				ONLY_ACTIVE_ARCH = YES;
				SDKROOT = iphoneos;
				SWIFT_ACTIVE_COMPILATION_CONDITIONS = "DEBUG $(inherited)";
				SWIFT_OPTIMIZATION_LEVEL = "-Onone";
			};
			name = Debug;
		};
		641CCC0F2B9B01910029420E /* Release */ = {
			isa = XCBuildConfiguration;
			buildSettings = {
				ALWAYS_SEARCH_USER_PATHS = NO;
				ASSETCATALOG_COMPILER_GENERATE_SWIFT_ASSET_SYMBOL_EXTENSIONS = YES;
				CLANG_ANALYZER_NONNULL = YES;
				CLANG_ANALYZER_NUMBER_OBJECT_CONVERSION = YES_AGGRESSIVE;
				CLANG_CXX_LANGUAGE_STANDARD = "gnu++20";
				CLANG_ENABLE_MODULES = YES;
				CLANG_ENABLE_OBJC_ARC = YES;
				CLANG_ENABLE_OBJC_WEAK = YES;
				CLANG_WARN_BLOCK_CAPTURE_AUTORELEASING = YES;
				CLANG_WARN_BOOL_CONVERSION = YES;
				CLANG_WARN_COMMA = YES;
				CLANG_WARN_CONSTANT_CONVERSION = YES;
				CLANG_WARN_DEPRECATED_OBJC_IMPLEMENTATIONS = YES;
				CLANG_WARN_DIRECT_OBJC_ISA_USAGE = YES_ERROR;
				CLANG_WARN_DOCUMENTATION_COMMENTS = YES;
				CLANG_WARN_EMPTY_BODY = YES;
				CLANG_WARN_ENUM_CONVERSION = YES;
				CLANG_WARN_INFINITE_RECURSION = YES;
				CLANG_WARN_INT_CONVERSION = YES;
				CLANG_WARN_NON_LITERAL_NULL_CONVERSION = YES;
				CLANG_WARN_OBJC_IMPLICIT_RETAIN_SELF = YES;
				CLANG_WARN_OBJC_LITERAL_CONVERSION = YES;
				CLANG_WARN_OBJC_ROOT_CLASS = YES_ERROR;
				CLANG_WARN_QUOTED_INCLUDE_IN_FRAMEWORK_HEADER = YES;
				CLANG_WARN_RANGE_LOOP_ANALYSIS = YES;
				CLANG_WARN_STRICT_PROTOTYPES = YES;
				CLANG_WARN_SUSPICIOUS_MOVE = YES;
				CLANG_WARN_UNGUARDED_AVAILABILITY = YES_AGGRESSIVE;
				CLANG_WARN_UNREACHABLE_CODE = YES;
				CLANG_WARN__DUPLICATE_METHOD_MATCH = YES;
				COPY_PHASE_STRIP = NO;
				DEBUG_INFORMATION_FORMAT = "dwarf-with-dsym";
				ENABLE_NS_ASSERTIONS = NO;
				ENABLE_STRICT_OBJC_MSGSEND = YES;
				ENABLE_USER_SCRIPT_SANDBOXING = YES;
				GCC_C_LANGUAGE_STANDARD = gnu17;
				GCC_NO_COMMON_BLOCKS = YES;
				GCC_WARN_64_TO_32_BIT_CONVERSION = YES;
				GCC_WARN_ABOUT_RETURN_TYPE = YES_ERROR;
				GCC_WARN_UNDECLARED_SELECTOR = YES;
				GCC_WARN_UNINITIALIZED_AUTOS = YES_AGGRESSIVE;
				GCC_WARN_UNUSED_FUNCTION = YES;
				GCC_WARN_UNUSED_VARIABLE = YES;
				IPHONEOS_DEPLOYMENT_TARGET = 17.2;
				LOCALIZATION_PREFERS_STRING_CATALOGS = YES;
				MTL_ENABLE_DEBUG_INFO = NO;
				MTL_FAST_MATH = YES;
				SDKROOT = iphoneos;
				SWIFT_COMPILATION_MODE = wholemodule;
				VALIDATE_PRODUCT = YES;
			};
			name = Release;
		};
		641CCC112B9B01910029420E /* Debug */ = {
			isa = XCBuildConfiguration;
			buildSettings = {
				ASSETCATALOG_COMPILER_APPICON_NAME = AppIcon;
				ASSETCATALOG_COMPILER_GLOBAL_ACCENT_COLOR_NAME = AccentColor;
				CODE_SIGN_STYLE = Automatic;
				CURRENT_PROJECT_VERSION = 1;
				DEVELOPMENT_ASSET_PATHS = "\"Stash/Preview Content\"";
				DEVELOPMENT_TEAM = H4X7G96ZKF;
				ENABLE_PREVIEWS = YES;
				GENERATE_INFOPLIST_FILE = YES;
				INFOPLIST_KEY_UIApplicationSceneManifest_Generation = YES;
				INFOPLIST_KEY_UIApplicationSupportsIndirectInputEvents = YES;
				INFOPLIST_KEY_UILaunchScreen_Generation = YES;
				INFOPLIST_KEY_UISupportedInterfaceOrientations_iPad = "UIInterfaceOrientationPortrait UIInterfaceOrientationPortraitUpsideDown UIInterfaceOrientationLandscapeLeft UIInterfaceOrientationLandscapeRight";
				INFOPLIST_KEY_UISupportedInterfaceOrientations_iPhone = "UIInterfaceOrientationPortrait UIInterfaceOrientationLandscapeLeft UIInterfaceOrientationLandscapeRight";
				LD_RUNPATH_SEARCH_PATHS = (
					"$(inherited)",
					"@executable_path/Frameworks",
				);
				MARKETING_VERSION = 1.0;
				PRODUCT_BUNDLE_IDENTIFIER = com.palatipjant.Stash;
				PRODUCT_NAME = "$(TARGET_NAME)";
				SWIFT_EMIT_LOC_STRINGS = YES;
				SWIFT_VERSION = 5.0;
				TARGETED_DEVICE_FAMILY = "1,2";
			};
			name = Debug;
		};
		641CCC122B9B01910029420E /* Release */ = {
			isa = XCBuildConfiguration;
			buildSettings = {
				ASSETCATALOG_COMPILER_APPICON_NAME = AppIcon;
				ASSETCATALOG_COMPILER_GLOBAL_ACCENT_COLOR_NAME = AccentColor;
				CODE_SIGN_STYLE = Automatic;
				CURRENT_PROJECT_VERSION = 1;
				DEVELOPMENT_ASSET_PATHS = "\"Stash/Preview Content\"";
				DEVELOPMENT_TEAM = H4X7G96ZKF;
				ENABLE_PREVIEWS = YES;
				GENERATE_INFOPLIST_FILE = YES;
				INFOPLIST_KEY_UIApplicationSceneManifest_Generation = YES;
				INFOPLIST_KEY_UIApplicationSupportsIndirectInputEvents = YES;
				INFOPLIST_KEY_UILaunchScreen_Generation = YES;
				INFOPLIST_KEY_UISupportedInterfaceOrientations_iPad = "UIInterfaceOrientationPortrait UIInterfaceOrientationPortraitUpsideDown UIInterfaceOrientationLandscapeLeft UIInterfaceOrientationLandscapeRight";
				INFOPLIST_KEY_UISupportedInterfaceOrientations_iPhone = "UIInterfaceOrientationPortrait UIInterfaceOrientationLandscapeLeft UIInterfaceOrientationLandscapeRight";
				LD_RUNPATH_SEARCH_PATHS = (
					"$(inherited)",
					"@executable_path/Frameworks",
				);
				MARKETING_VERSION = 1.0;
				PRODUCT_BUNDLE_IDENTIFIER = com.palatipjant.Stash;
				PRODUCT_NAME = "$(TARGET_NAME)";
				SWIFT_EMIT_LOC_STRINGS = YES;
				SWIFT_VERSION = 5.0;
				TARGETED_DEVICE_FAMILY = "1,2";
			};
			name = Release;
		};
/* End XCBuildConfiguration section */

/* Begin XCConfigurationList section */
		641CCBFD2B9B01910029420E /* Build configuration list for PBXProject "Stash" */ = {
			isa = XCConfigurationList;
			buildConfigurations = (
				641CCC0E2B9B01910029420E /* Debug */,
				641CCC0F2B9B01910029420E /* Release */,
			);
			defaultConfigurationIsVisible = 0;
			defaultConfigurationName = Release;
		};
		641CCC102B9B01910029420E /* Build configuration list for PBXNativeTarget "Stash" */ = {
			isa = XCConfigurationList;
			buildConfigurations = (
				641CCC112B9B01910029420E /* Debug */,
				641CCC122B9B01910029420E /* Release */,
			);
			defaultConfigurationIsVisible = 0;
			defaultConfigurationName = Release;
		};
/* End XCConfigurationList section */
	};
	rootObject = 641CCBFA2B9B01910029420E /* Project object */;
}
